
Microsoft Visual Studio Solution File, Format Version 12.00
# Visual Studio 15
VisualStudioVersion = 15.0.28307.421
MinimumVisualStudioVersion = 10.0.40219.1
Project("{FAE04EC0-301F-11D3-BF4B-00C04F79EFBC}") = "AnimationApp.Android", "AnimationApp\AnimationApp.Android\AnimationApp.Android.csproj", "{BC8CF2F1-0E16-47AE-B903-7CF649B0AC01}"
EndProject
Project("{FAE04EC0-301F-11D3-BF4B-00C04F79EFBC}") = "AnimationApp.iOS", "AnimationApp\AnimationApp.iOS\AnimationApp.iOS.csproj", "{89250CC6-1876-440C-BB46-35EA1A49375E}"
EndProject
Project("{FAE04EC0-301F-11D3-BF4B-00C04F79EFBC}") = "AnimationApp", "AnimationApp\AnimationApp\AnimationApp.csproj", "{23424777-620C-42F1-AECA-202407F22374}"
EndProject
Global
	GlobalSection(SolutionConfigurationPlatforms) = preSolution
		Ad-Hoc|Any CPU = Ad-Hoc|Any CPU
		Ad-Hoc|iPhone = Ad-Hoc|iPhone
		Ad-Hoc|iPhoneSimulator = Ad-Hoc|iPhoneSimulator
		AppStore|Any CPU = AppStore|Any CPU
		AppStore|iPhone = AppStore|iPhone
		AppStore|iPhoneSimulator = AppStore|iPhoneSimulator
		Debug|Any CPU = Debug|Any CPU
		Debug|iPhone = Debug|iPhone
		Debug|iPhoneSimulator = Debug|iPhoneSimulator
		Release|Any CPU = Release|Any CPU
		Release|iPhone = Release|iPhone
		Release|iPhoneSimulator = Release|iPhoneSimulator
	EndGlobalSection
	GlobalSection(ProjectConfigurationPlatforms) = postSolution
		{BC8CF2F1-0E16-47AE-B903-7CF649B0AC01}.Ad-Hoc|Any CPU.ActiveCfg = Release|Any CPU
		{BC8CF2F1-0E16-47AE-B903-7CF649B0AC01}.Ad-Hoc|Any CPU.Build.0 = Release|Any CPU
		{BC8CF2F1-0E16-47AE-B903-7CF649B0AC01}.Ad-Hoc|Any CPU.Deploy.0 = Release|Any CPU
		{BC8CF2F1-0E16-47AE-B903-7CF649B0AC01}.Ad-Hoc|iPhone.ActiveCfg = Release|Any CPU
		{BC8CF2F1-0E16-47AE-B903-7CF649B0AC01}.Ad-Hoc|iPhone.Build.0 = Release|Any CPU
		{BC8CF2F1-0E16-47AE-B903-7CF649B0AC01}.Ad-Hoc|iPhone.Deploy.0 = Release|Any CPU
		{BC8CF2F1-0E16-47AE-B903-7CF649B0AC01}.Ad-Hoc|iPhoneSimulator.ActiveCfg = Release|Any CPU
		{BC8CF2F1-0E16-47AE-B903-7CF649B0AC01}.Ad-Hoc|iPhoneSimulator.Build.0 = Release|Any CPU
		{BC8CF2F1-0E16-47AE-B903-7CF649B0AC01}.Ad-Hoc|iPhoneSimulator.Deploy.0 = Release|Any CPU
		{BC8CF2F1-0E16-47AE-B903-7CF649B0AC01}.AppStore|Any CPU.ActiveCfg = Release|Any CPU
		{BC8CF2F1-0E16-47AE-B903-7CF649B0AC01}.AppStore|Any CPU.Build.0 = Release|Any CPU
		{BC8CF2F1-0E16-47AE-B903-7CF649B0AC01}.AppStore|Any CPU.Deploy.0 = Release|Any CPU
		{BC8CF2F1-0E16-47AE-B903-7CF649B0AC01}.AppStore|iPhone.ActiveCfg = Release|Any CPU
		{BC8CF2F1-0E16-47AE-B903-7CF649B0AC01}.AppStore|iPhone.Build.0 = Release|Any CPU
		{BC8CF2F1-0E16-47AE-B903-7CF649B0AC01}.AppStore|iPhone.Deploy.0 = Release|Any CPU
		{BC8CF2F1-0E16-47AE-B903-7CF649B0AC01}.AppStore|iPhoneSimulator.ActiveCfg = Release|Any CPU
		{BC8CF2F1-0E16-47AE-B903-7CF649B0AC01}.AppStore|iPhoneSimulator.Build.0 = Release|Any CPU
		{BC8CF2F1-0E16-47AE-B903-7CF649B0AC01}.AppStore|iPhoneSimulator.Deploy.0 = Release|Any CPU
		{BC8CF2F1-0E16-47AE-B903-7CF649B0AC01}.Debug|Any CPU.ActiveCfg = Debug|Any CPU
		{BC8CF2F1-0E16-47AE-B903-7CF649B0AC01}.Debug|Any CPU.Build.0 = Debug|Any CPU
		{BC8CF2F1-0E16-47AE-B903-7CF649B0AC01}.Debug|Any CPU.Deploy.0 = Debug|Any CPU
		{BC8CF2F1-0E16-47AE-B903-7CF649B0AC01}.Debug|iPhone.ActiveCfg = Debug|Any CPU
		{BC8CF2F1-0E16-47AE-B903-7CF649B0AC01}.Debug|iPhone.Build.0 = Debug|Any CPU
		{BC8CF2F1-0E16-47AE-B903-7CF649B0AC01}.Debug|iPhone.Deploy.0 = Debug|Any CPU
		{BC8CF2F1-0E16-47AE-B903-7CF649B0AC01}.Debug|iPhoneSimulator.ActiveCfg = Debug|Any CPU
		{BC8CF2F1-0E16-47AE-B903-7CF649B0AC01}.Debug|iPhoneSimulator.Build.0 = Debug|Any CPU
		{BC8CF2F1-0E16-47AE-B903-7CF649B0AC01}.Debug|iPhoneSimulator.Deploy.0 = Debug|Any CPU
		{BC8CF2F1-0E16-47AE-B903-7CF649B0AC01}.Release|Any CPU.ActiveCfg = Release|Any CPU
		{BC8CF2F1-0E16-47AE-B903-7CF649B0AC01}.Release|Any CPU.Build.0 = Release|Any CPU
		{BC8CF2F1-0E16-47AE-B903-7CF649B0AC01}.Release|Any CPU.Deploy.0 = Release|Any CPU
		{BC8CF2F1-0E16-47AE-B903-7CF649B0AC01}.Release|iPhone.ActiveCfg = Release|Any CPU
		{BC8CF2F1-0E16-47AE-B903-7CF649B0AC01}.Release|iPhone.Build.0 = Release|Any CPU
		{BC8CF2F1-0E16-47AE-B903-7CF649B0AC01}.Release|iPhone.Deploy.0 = Release|Any CPU
		{BC8CF2F1-0E16-47AE-B903-7CF649B0AC01}.Release|iPhoneSimulator.ActiveCfg = Release|Any CPU
		{BC8CF2F1-0E16-47AE-B903-7CF649B0AC01}.Release|iPhoneSimulator.Build.0 = Release|Any CPU
		{BC8CF2F1-0E16-47AE-B903-7CF649B0AC01}.Release|iPhoneSimulator.Deploy.0 = Release|Any CPU
		{89250CC6-1876-440C-BB46-35EA1A49375E}.Ad-Hoc|Any CPU.ActiveCfg = Ad-Hoc|iPhone
		{89250CC6-1876-440C-BB46-35EA1A49375E}.Ad-Hoc|Any CPU.Build.0 = Ad-Hoc|iPhone
		{89250CC6-1876-440C-BB46-35EA1A49375E}.Ad-Hoc|Any CPU.Deploy.0 = Ad-Hoc|iPhone
		{89250CC6-1876-440C-BB46-35EA1A49375E}.Ad-Hoc|iPhone.ActiveCfg = Ad-Hoc|iPhone
		{89250CC6-1876-440C-BB46-35EA1A49375E}.Ad-Hoc|iPhone.Build.0 = Ad-Hoc|iPhone
		{89250CC6-1876-440C-BB46-35EA1A49375E}.Ad-Hoc|iPhone.Deploy.0 = Ad-Hoc|iPhone
		{89250CC6-1876-440C-BB46-35EA1A49375E}.Ad-Hoc|iPhoneSimulator.ActiveCfg = Ad-Hoc|iPhoneSimulator
		{89250CC6-1876-440C-BB46-35EA1A49375E}.Ad-Hoc|iPhoneSimulator.Build.0 = Ad-Hoc|iPhoneSimulator
		{89250CC6-1876-440C-BB46-35EA1A49375E}.Ad-Hoc|iPhoneSimulator.Deploy.0 = Ad-Hoc|iPhoneSimulator
		{89250CC6-1876-440C-BB46-35EA1A49375E}.AppStore|Any CPU.ActiveCfg = AppStore|iPhone
		{89250CC6-1876-440C-BB46-35EA1A49375E}.AppStore|Any CPU.Build.0 = AppStore|iPhone
		{89250CC6-1876-440C-BB46-35EA1A49375E}.AppStore|Any CPU.Deploy.0 = AppStore|iPhone
		{89250CC6-1876-440C-BB46-35EA1A49375E}.AppStore|iPhone.ActiveCfg = AppStore|iPhone
		{89250CC6-1876-440C-BB46-35EA1A49375E}.AppStore|iPhone.Build.0 = AppStore|iPhone
		{89250CC6-1876-440C-BB46-35EA1A49375E}.AppStore|iPhone.Deploy.0 = AppStore|iPhone
		{89250CC6-1876-440C-BB46-35EA1A49375E}.AppStore|iPhoneSimulator.ActiveCfg = AppStore|iPhoneSimulator
		{89250CC6-1876-440C-BB46-35EA1A49375E}.AppStore|iPhoneSimulator.Build.0 = AppStore|iPhoneSimulator
		{89250CC6-1876-440C-BB46-35EA1A49375E}.AppStore|iPhoneSimulator.Deploy.0 = AppStore|iPhoneSimulator
		{89250CC6-1876-440C-BB46-35EA1A49375E}.Debug|Any CPU.ActiveCfg = Debug|iPhoneSimulator
		{89250CC6-1876-440C-BB46-35EA1A49375E}.Debug|Any CPU.Build.0 = Debug|iPhoneSimulator
		{89250CC6-1876-440C-BB46-35EA1A49375E}.Debug|Any CPU.Deploy.0 = Debug|iPhoneSimulator
		{89250CC6-1876-440C-BB46-35EA1A49375E}.Debug|iPhone.ActiveCfg = Debug|iPhone
		{89250CC6-1876-440C-BB46-35EA1A49375E}.Debug|iPhone.Build.0 = Debug|iPhone
		{89250CC6-1876-440C-BB46-35EA1A49375E}.Debug|iPhone.Deploy.0 = Debug|iPhone
		{89250CC6-1876-440C-BB46-35EA1A49375E}.Debug|iPhoneSimulator.ActiveCfg = Debug|iPhoneSimulator
		{89250CC6-1876-440C-BB46-35EA1A49375E}.Debug|iPhoneSimulator.Build.0 = Debug|iPhoneSimulator
		{89250CC6-1876-440C-BB46-35EA1A49375E}.Debug|iPhoneSimulator.Deploy.0 = Debug|iPhoneSimulator
		{89250CC6-1876-440C-BB46-35EA1A49375E}.Release|Any CPU.ActiveCfg = Release|iPhone
		{89250CC6-1876-440C-BB46-35EA1A49375E}.Release|Any CPU.Build.0 = Release|iPhone
		{89250CC6-1876-440C-BB46-35EA1A49375E}.Release|Any CPU.Deploy.0 = Release|iPhone
		{89250CC6-1876-440C-BB46-35EA1A49375E}.Release|iPhone.ActiveCfg = Release|iPhone
		{89250CC6-1876-440C-BB46-35EA1A49375E}.Release|iPhone.Build.0 = Release|iPhone
		{89250CC6-1876-440C-BB46-35EA1A49375E}.Release|iPhone.Deploy.0 = Release|iPhone
		{89250CC6-1876-440C-BB46-35EA1A49375E}.Release|iPhoneSimulator.ActiveCfg = Release|iPhoneSimulator
		{89250CC6-1876-440C-BB46-35EA1A49375E}.Release|iPhoneSimulator.Build.0 = Release|iPhoneSimulator
		{89250CC6-1876-440C-BB46-35EA1A49375E}.Release|iPhoneSimulator.Deploy.0 = Release|iPhoneSimulator
		{23424777-620C-42F1-AECA-202407F22374}.Ad-Hoc|Any CPU.ActiveCfg = Debug|Any CPU
		{23424777-620C-42F1-AECA-202407F22374}.Ad-Hoc|Any CPU.Build.0 = Debug|Any CPU
		{23424777-620C-42F1-AECA-202407F22374}.Ad-Hoc|Any CPU.Deploy.0 = Debug|Any CPU
		{23424777-620C-42F1-AECA-202407F22374}.Ad-Hoc|iPhone.ActiveCfg = Debug|Any CPU
		{23424777-620C-42F1-AECA-202407F22374}.Ad-Hoc|iPhone.Build.0 = Debug|Any CPU
		{23424777-620C-42F1-AECA-202407F22374}.Ad-Hoc|iPhone.Deploy.0 = Debug|Any CPU
		{23424777-620C-42F1-AECA-202407F22374}.Ad-Hoc|iPhoneSimulator.ActiveCfg = Debug|Any CPU
		{23424777-620C-42F1-AECA-202407F22374}.Ad-Hoc|iPhoneSimulator.Build.0 = Debug|Any CPU
		{23424777-620C-42F1-AECA-202407F22374}.Ad-Hoc|iPhoneSimulator.Deploy.0 = Debug|Any CPU
		{23424777-620C-42F1-AECA-202407F22374}.AppStore|Any CPU.ActiveCfg = Debug|Any CPU
		{23424777-620C-42F1-AECA-202407F22374}.AppStore|Any CPU.Build.0 = Debug|Any CPU
		{23424777-620C-42F1-AECA-202407F22374}.AppStore|Any CPU.Deploy.0 = Debug|Any CPU
		{23424777-620C-42F1-AECA-202407F22374}.AppStore|iPhone.ActiveCfg = Debug|Any CPU
		{23424777-620C-42F1-AECA-202407F22374}.AppStore|iPhone.Build.0 = Debug|Any CPU
		{23424777-620C-42F1-AECA-202407F22374}.AppStore|iPhone.Deploy.0 = Debug|Any CPU
		{23424777-620C-42F1-AECA-202407F22374}.AppStore|iPhoneSimulator.ActiveCfg = Debug|Any CPU
		{23424777-620C-42F1-AECA-202407F22374}.AppStore|iPhoneSimulator.Build.0 = Debug|Any CPU
		{23424777-620C-42F1-AECA-202407F22374}.AppStore|iPhoneSimulator.Deploy.0 = Debug|Any CPU
		{23424777-620C-42F1-AECA-202407F22374}.Debug|Any CPU.ActiveCfg = Debug|Any CPU
		{23424777-620C-42F1-AECA-202407F22374}.Debug|Any CPU.Build.0 = Debug|Any CPU
		{23424777-620C-42F1-AECA-202407F22374}.Debug|Any CPU.Deploy.0 = Debug|Any CPU
		{23424777-620C-42F1-AECA-202407F22374}.Debug|iPhone.ActiveCfg = Debug|Any CPU
		{23424777-620C-42F1-AECA-202407F22374}.Debug|iPhone.Build.0 = Debug|Any CPU
		{23424777-620C-42F1-AECA-202407F22374}.Debug|iPhone.Deploy.0 = Debug|Any CPU
		{23424777-620C-42F1-AECA-202407F22374}.Debug|iPhoneSimulator.ActiveCfg = Debug|Any CPU
		{23424777-620C-42F1-AECA-202407F22374}.Debug|iPhoneSimulator.Build.0 = Debug|Any CPU
		{23424777-620C-42F1-AECA-202407F22374}.Debug|iPhoneSimulator.Deploy.0 = Debug|Any CPU
		{23424777-620C-42F1-AECA-202407F22374}.Release|Any CPU.ActiveCfg = Release|Any CPU
		{23424777-620C-42F1-AECA-202407F22374}.Release|Any CPU.Build.0 = Release|Any CPU
		{23424777-620C-42F1-AECA-202407F22374}.Release|Any CPU.Deploy.0 = Release|Any CPU
		{23424777-620C-42F1-AECA-202407F22374}.Release|iPhone.ActiveCfg = Release|Any CPU
		{23424777-620C-42F1-AECA-202407F22374}.Release|iPhone.Build.0 = Release|Any CPU
		{23424777-620C-42F1-AECA-202407F22374}.Release|iPhone.Deploy.0 = Release|Any CPU
		{23424777-620C-42F1-AECA-202407F22374}.Release|iPhoneSimulator.ActiveCfg = Release|Any CPU
		{23424777-620C-42F1-AECA-202407F22374}.Release|iPhoneSimulator.Build.0 = Release|Any CPU
		{23424777-620C-42F1-AECA-202407F22374}.Release|iPhoneSimulator.Deploy.0 = Release|Any CPU
	EndGlobalSection
	GlobalSection(SolutionProperties) = preSolution
		HideSolutionNode = FALSE
	EndGlobalSection
	GlobalSection(ExtensibilityGlobals) = postSolution
		SolutionGuid = {24C30B7B-7A8D-4B5A-A086-ED886761EB2F}
	EndGlobalSection
EndGlobal
